# This file is automatically @generated by Cargo.
# It is not intended for manual editing.
version = 4

[[package]]
name = "avr-int24"
version = "1.0.0"
source = "git+https://github.com/mbuesch/avr-int24.git?branch=main#633b1bba1b40ede0fb23aec829f7a90650701071"

[[package]]
name = "avr-q"
version = "1.0.0"
dependencies = [
 "avr-int24",
 "curveipo",
]

[[package]]
name = "curveipo"
version = "1.0.0"
source = "registry+https://github.com/rust-lang/crates.io-index"
checksum = "0a010408570ed3f707167cfa70bc7ffb3ea3ee01539c6fa6f74770a8b3565b7f"
